// !$*UTF8*$!
{
	archiveVersion = 1;
	classes = {
	};
	objectVersion = 56;
	objects = {

/* Begin PBXBuildFile section */
		408BE1F02C5B3D1E00F1A2B3 /* main.swift in Sources */ = {isa = PBXBuildFile; fileRef = 408BE1E02C5B3D1E00F1A2B3 /* main.swift */; };
		408BE1F12C5B3D1E00F1A2B3 /* AppDelegate.swift in Sources */ = {isa = PBXBuildFile; fileRef = 408BE1E12C5B3D1E00F1A2B3 /* AppDelegate.swift */; };
		408BE1F22C5B3D1E00F1A2B3 /* WindowManager.swift in Sources */ = {isa = PBXBuildFile; fileRef = 408BE1E22C5B3D1E00F1A2B3 /* WindowManager.swift */; };
		408BE1F32C5B3D1E00F1A2B3 /* MenuController.swift in Sources */ = {isa = PBXBuildFile; fileRef = 408BE1E32C5B3D1E00F1A2B3 /* MenuController.swift */; };
		408BE1F42C5B3D1E00F1A2B3 /* PermissionManager.swift in Sources */ = {isa = PBXBuildFile; fileRef = 408BE1E42C5B3D1E00F1A2B3 /* PermissionManager.swift */; };
		408BE1F52C5B3D1E00F1A2B3 /* SettingsWindow.swift in Sources */ = {isa = PBXBuildFile; fileRef = 408BE1E52C5B3D1E00F1A2B3 /* SettingsWindow.swift */; };
		408BE1F62C5B3D1E00F1A2B3 /* LayoutSelector.swift in Sources */ = {isa = PBXBuildFile; fileRef = 408BE1E62C5B3D1E00F1A2B3 /* LayoutSelector.swift */; };
		408BE1F72C5B3D1E00F1A2B3 /* FileHelper.swift in Sources */ = {isa = PBXBuildFile; fileRef = 408BE1E72C5B3D1E00F1A2B3 /* FileHelper.swift */; };
		408BE1F82C5B3D1E00F1A2B3 /* LayoutAPI.swift in Sources */ = {isa = PBXBuildFile; fileRef = 408BE1E82C5B3D1E00F1A2B3 /* LayoutAPI.swift */; };
		408BE1F92C5B3D1E00F1A2B3 /* QuitWindow.swift in Sources */ = {isa = PBXBuildFile; fileRef = 408BE1E92C5B3D1E00F1A2B3 /* QuitWindow.swift */; };
		408BE1FB2C5B3D1E00F1A2B3 /* Assets.xcassets in Resources */ = {isa = PBXBuildFile; fileRef = 408BE1EB2C5B3D1E00F1A2B3 /* Assets.xcassets */; };
/* End PBXBuildFile section */

/* Begin PBXFileReference section */
		408BE1B12C5B3D1E00F1A2B3 /* WindowRestore.app */ = {isa = PBXFileReference; explicitFileType = wrapper.application; includeInIndex = 0; path = WindowRestore.app; sourceTree = BUILT_PRODUCTS_DIR; };
		408BE1E02C5B3D1E00F1A2B3 /* main.swift */ = {isa = PBXFileReference; lastKnownFileType = sourcecode.swift; path = main.swift; sourceTree = "<group>"; };
		408BE1E12C5B3D1E00F1A2B3 /* AppDelegate.swift */ = {isa = PBXFileReference; lastKnownFileType = sourcecode.swift; path = AppDelegate.swift; sourceTree = "<group>"; };
		408BE1E22C5B3D1E00F1A2B3 /* WindowManager.swift */ = {isa = PBXFileReference; lastKnownFileType = sourcecode.swift; path = WindowManager.swift; sourceTree = "<group>"; };
		408BE1E32C5B3D1E00F1A2B3 /* MenuController.swift */ = {isa = PBXFileReference; lastKnownFileType = sourcecode.swift; path = MenuController.swift; sourceTree = "<group>"; };
		408BE1E42C5B3D1E00F1A2B3 /* PermissionManager.swift */ = {isa = PBXFileReference; lastKnownFileType = sourcecode.swift; path = PermissionManager.swift; sourceTree = "<group>"; };
		408BE1E52C5B3D1E00F1A2B3 /* SettingsWindow.swift */ = {isa = PBXFileReference; lastKnownFileType = sourcecode.swift; path = SettingsWindow.swift; sourceTree = "<group>"; };
		408BE1E62C5B3D1E00F1A2B3 /* LayoutSelector.swift */ = {isa = PBXFileReference; lastKnownFileType = sourcecode.swift; path = LayoutSelector.swift; sourceTree = "<group>"; };
		408BE1E72C5B3D1E00F1A2B3 /* FileHelper.swift */ = {isa = PBXFileReference; lastKnownFileType = sourcecode.swift; path = FileHelper.swift; sourceTree = "<group>"; };
		408BE1E82C5B3D1E00F1A2B3 /* LayoutAPI.swift */ = {isa = PBXFileReference; lastKnownFileType = sourcecode.swift; path = LayoutAPI.swift; sourceTree = "<group>"; };
		408BE1E92C5B3D1E00F1A2B3 /* QuitWindow.swift */ = {isa = PBXFileReference; lastKnownFileType = sourcecode.swift; path = QuitWindow.swift; sourceTree = "<group>"; };
		408BE1EB2C5B3D1E00F1A2B3 /* Assets.xcassets */ = {isa = PBXFileReference; lastKnownFileType = folder.assetcatalog; path = Assets.xcassets; sourceTree = "<group>"; };
		408BE1EC2C5B3D1E00F1A2B3 /* Info.plist */ = {isa = PBXFileReference; lastKnownFileType = text.plist.xml; path = Info.plist; sourceTree = "<group>"; };
/* End PBXFileReference section */

/* Begin PBXFrameworksBuildPhase section */
		408BE1D22C5B3D1E00F1A2B3 /* Frameworks */ = {
			isa = PBXFrameworksBuildPhase;
			buildActionMask = 2147483647;
			files = (
			);
			runOnlyForDeploymentPostprocessing = 0;
		};
/* End PBXFrameworksBuildPhase section */

/* Begin PBXGroup section */
		408BE1A12C5B3D1E00F1A2B3 = {
			isa = PBXGroup;
			children = (
				408BE1A22C5B3D1E00F1A2B3 /* WindowRestore */,
				408BE1A32C5B3D1E00F1A2B3 /* Products */,
			);
			sourceTree = "<group>";
		};
		408BE1A22C5B3D1E00F1A2B3 /* WindowRestore */ = {
			isa = PBXGroup;
			children = (
				408BE1E02C5B3D1E00F1A2B3 /* main.swift */,
				408BE1E12C5B3D1E00F1A2B3 /* AppDelegate.swift */,
				408BE1E22C5B3D1E00F1A2B3 /* WindowManager.swift */,
				408BE1E32C5B3D1E00F1A2B3 /* MenuController.swift */,
				408BE1E42C5B3D1E00F1A2B3 /* PermissionManager.swift */,
				408BE1E52C5B3D1E00F1A2B3 /* SettingsWindow.swift */,
				408BE1E62C5B3D1E00F1A2B3 /* LayoutSelector.swift */,
				408BE1E72C5B3D1E00F1A2B3 /* FileHelper.swift */,
				408BE1E82C5B3D1E00F1A2B3 /* LayoutAPI.swift */,
				408BE1E92C5B3D1E00F1A2B3 /* QuitWindow.swift */,
				408BE1EB2C5B3D1E00F1A2B3 /* Assets.xcassets */,
				408BE1EC2C5B3D1E00F1A2B3 /* Info.plist */,
			);
			path = WindowRestore;
			sourceTree = "<group>";
		};
		408BE1A32C5B3D1E00F1A2B3 /* Products */ = {
			isa = PBXGroup;
			children = (
				408BE1B12C5B3D1E00F1A2B3 /* WindowRestore.app */,
			);
			name = Products;
			sourceTree = "<group>";
		};
/* End PBXGroup section */

/* Begin PBXNativeTarget section */
		408BE1B02C5B3D1E00F1A2B3 /* WindowRestore */ = {
			isa = PBXNativeTarget;
			buildConfigurationList = 408BE1C32C5B3D1E00F1A2B3 /* Build configuration list for PBXNativeTarget "WindowRestore" */;
			buildPhases = (
				408BE1D02C5B3D1E00F1A2B3 /* Sources */,
				408BE1D22C5B3D1E00F1A2B3 /* Frameworks */,
				408BE1D12C5B3D1E00F1A2B3 /* Resources */,
			);
			buildRules = (
			);
			dependencies = (
			);
			name = WindowRestore;
			productName = WindowRestore;
			productReference = 408BE1B12C5B3D1E00F1A2B3 /* WindowRestore.app */;
			productType = "com.apple.product-type.application";
		};
/* End PBXNativeTarget section */

/* Begin PBXProject section */
		408BE1A02C5B3D1E00F1A2B3 /* Project object */ = {
			isa = PBXProject;
			attributes = {
				BuildIndependentTargetsInParallel = 1;
				LastSwiftUpdateCheck = 1540;
				LastUpgradeCheck = 2620;
				TargetAttributes = {
					408BE1B02C5B3D1E00F1A2B3 = {
						CreatedOnToolsVersion = 15.4;
					};
				};
			};
			buildConfigurationList = 408BE1C02C5B3D1E00F1A2B3 /* Build configuration list for PBXProject "WindowRestore" */;
			compatibilityVersion = "Xcode 14.0";
			developmentRegion = ja;
			hasScannedForEncodings = 0;
			knownRegions = (
				en,
				Base,
				ja,
			);
			mainGroup = 408BE1A12C5B3D1E00F1A2B3;
			productRefGroup = 408BE1A32C5B3D1E00F1A2B3 /* Products */;
			projectDirPath = "";
			projectRoot = "";
			targets = (
				408BE1B02C5B3D1E00F1A2B3 /* WindowRestore */,
			);
		};
/* End PBXProject section */

/* Begin PBXResourcesBuildPhase section */
		408BE1D12C5B3D1E00F1A2B3 /* Resources */ = {
			isa = PBXResourcesBuildPhase;
			buildActionMask = 2147483647;
			files = (
				408BE1FB2C5B3D1E00F1A2B3 /* Assets.xcassets in Resources */,
			);
			runOnlyForDeploymentPostprocessing = 0;
		};
/* End PBXResourcesBuildPhase section */

/* Begin PBXSourcesBuildPhase section */
		408BE1D02C5B3D1E00F1A2B3 /* Sources */ = {
			isa = PBXSourcesBuildPhase;
			buildActionMask = 2147483647;
			files = (
				408BE1F02C5B3D1E00F1A2B3 /* main.swift in Sources */,
				408BE1F12C5B3D1E00F1A2B3 /* AppDelegate.swift in Sources */,
				408BE1F22C5B3D1E00F1A2B3 /* WindowManager.swift in Sources */,
				408BE1F32C5B3D1E00F1A2B3 /* MenuController.swift in Sources */,
				408BE1F42C5B3D1E00F1A2B3 /* PermissionManager.swift in Sources */,
				408BE1F52C5B3D1E00F1A2B3 /* SettingsWindow.swift in Sources */,
				408BE1F62C5B3D1E00F1A2B3 /* LayoutSelector.swift in Sources */,
				408BE1F72C5B3D1E00F1A2B3 /* FileHelper.swift in Sources */,
				408BE1F82C5B3D1E00F1A2B3 /* LayoutAPI.swift in Sources */,
				408BE1F92C5B3D1E00F1A2B3 /* QuitWindow.swift in Sources */,
			);
			runOnlyForDeploymentPostprocessing = 0;
		};
/* End PBXSourcesBuildPhase section */

/* Begin XCBuildConfiguration section */
		408BE1C12C5B3D1E00F1A2B3 /* Debug */ = {
			isa = XCBuildConfiguration;
			buildSettings = {
				ALWAYS_SEARCH_USER_PATHS = NO;
				ASSETCATALOG_COMPILER_GENERATE_SWIFT_ASSET_SYMBOL_EXTENSIONS = YES;
				CLANG_ANALYZER_LOCALIZABILITY_NONLOCALIZED = YES;
				CLANG_ANALYZER_NONNULL = YES;
				CLANG_ANALYZER_NUMBER_OBJECT_CONVERSION = YES_AGGRESSIVE;
				CLANG_CXX_LANGUAGE_STANDARD = "gnu++20";
				CLANG_ENABLE_MODULES = YES;
				CLANG_ENABLE_OBJC_ARC = YES;
				CLANG_ENABLE_OBJC_WEAK = YES;
				CLANG_WARN_BLOCK_CAPTURE_AUTORELEASING = YES;
				CLANG_WARN_BOOL_CONVERSION = YES;
				CLANG_WARN_COMMA = YES;
				CLANG_WARN_CONSTANT_CONVERSION = YES;
				CLANG_WARN_DEPRECATED_OBJC_IMPLEMENTATIONS = YES;
				CLANG_WARN_DIRECT_OBJC_ISA_USAGE = YES_ERROR;
				CLANG_WARN_DOCUMENTATION_COMMENTS = YES;
				CLANG_WARN_EMPTY_BODY = YES;
				CLANG_WARN_ENUM_CONVERSION = YES;
				CLANG_WARN_INFINITE_RECURSION = YES;
				CLANG_WARN_INT_CONVERSION = YES;
				CLANG_WARN_NON_LITERAL_NULL_CONVERSION = YES;
				CLANG_WARN_OBJC_IMPLICIT_RETAIN_SELF = YES;
				CLANG_WARN_OBJC_LITERAL_CONVERSION = YES;
				CLANG_WARN_OBJC_ROOT_CLASS = YES_ERROR;
				CLANG_WARN_QUOTED_INCLUDE_IN_FRAMEWORK_HEADER = YES;
				CLANG_WARN_RANGE_LOOP_ANALYSIS = YES;
				CLANG_WARN_STRICT_PROTOTYPES = YES;
				CLANG_WARN_SUSPICIOUS_MOVE = YES;
				CLANG_WARN_UNGUARDED_AVAILABILITY = YES_AGGRESSIVE;
				CLANG_WARN_UNREACHABLE_CODE = YES;
				CLANG_WARN__DUPLICATE_METHOD_MATCH = YES;
				COPY_PHASE_STRIP = NO;
				DEAD_CODE_STRIPPING = YES;
				DEBUG_INFORMATION_FORMAT = dwarf;
				ENABLE_STRICT_OBJC_MSGSEND = YES;
				ENABLE_TESTABILITY = YES;
				ENABLE_USER_SCRIPT_SANDBOXING = YES;
				GCC_C_LANGUAGE_STANDARD = gnu17;
				GCC_DYNAMIC_NO_PIC = NO;
				GCC_NO_COMMON_BLOCKS = YES;
				GCC_OPTIMIZATION_LEVEL = 0;
				GCC_PREPROCESSOR_DEFINITIONS = (
					"DEBUG=1",
					"$(inherited)",
				);
				GCC_WARN_64_TO_32_BIT_CONVERSION = YES;
				GCC_WARN_ABOUT_RETURN_TYPE = YES_ERROR;
				GCC_WARN_UNDECLARED_SELECTOR = YES;
				GCC_WARN_UNINITIALIZED_AUTOS = YES_AGGRESSIVE;
				GCC_WARN_UNUSED_FUNCTION = YES;
				GCC_WARN_UNUSED_VARIABLE = YES;
				MACOSX_DEPLOYMENT_TARGET = 13.0;
				MTL_ENABLE_DEBUG_INFO = INCLUDE_SOURCE;
				MTL_FAST_MATH = YES;
				ONLY_ACTIVE_ARCH = YES;
				SDKROOT = macosx;
				STRING_CATALOG_GENERATE_SYMBOLS = YES;
				SWIFT_ACTIVE_COMPILATION_CONDITIONS = "DEBUG $(inherited)";
				SWIFT_OPTIMIZATION_LEVEL = "-Onone";
			};
			name = Debug;
		};
		408BE1C22C5B3D1E00F1A2B3 /* Release */ = {
			isa = XCBuildConfiguration;
			buildSettings = {
				ALWAYS_SEARCH_USER_PATHS = NO;
				ASSETCATALOG_COMPILER_GENERATE_SWIFT_ASSET_SYMBOL_EXTENSIONS = YES;
				CLANG_ANALYZER_LOCALIZABILITY_NONLOCALIZED = YES;
				CLANG_ANALYZER_NONNULL = YES;
				CLANG_ANALYZER_NUMBER_OBJECT_CONVERSION = YES_AGGRESSIVE;
				CLANG_CXX_LANGUAGE_STANDARD = "gnu++20";
				CLANG_ENABLE_MODULES = YES;
				CLANG_ENABLE_OBJC_ARC = YES;
				CLANG_ENABLE_OBJC_WEAK = YES;
				CLANG_WARN_BLOCK_CAPTURE_AUTORELEASING = YES;
				CLANG_WARN_BOOL_CONVERSION = YES;
				CLANG_WARN_COMMA = YES;
				CLANG_WARN_CONSTANT_CONVERSION = YES;
				CLANG_WARN_DEPRECATED_OBJC_IMPLEMENTATIONS = YES;
				CLANG_WARN_DIRECT_OBJC_ISA_USAGE = YES_ERROR;
				CLANG_WARN_DOCUMENTATION_COMMENTS = YES;
				CLANG_WARN_EMPTY_BODY = YES;
				CLANG_WARN_ENUM_CONVERSION = YES;
				CLANG_WARN_INFINITE_RECURSION = YES;
				CLANG_WARN_INT_CONVERSION = YES;
				CLANG_WARN_NON_LITERAL_NULL_CONVERSION = YES;
				CLANG_WARN_OBJC_IMPLICIT_RETAIN_SELF = YES;
				CLANG_WARN_OBJC_LITERAL_CONVERSION = YES;
				CLANG_WARN_OBJC_ROOT_CLASS = YES_ERROR;
				CLANG_WARN_QUOTED_INCLUDE_IN_FRAMEWORK_HEADER = YES;
				CLANG_WARN_RANGE_LOOP_ANALYSIS = YES;
				CLANG_WARN_STRICT_PROTOTYPES = YES;
				CLANG_WARN_SUSPICIOUS_MOVE = YES;
				CLANG_WARN_UNGUARDED_AVAILABILITY = YES_AGGRESSIVE;
				CLANG_WARN_UNREACHABLE_CODE = YES;
				CLANG_WARN__DUPLICATE_METHOD_MATCH = YES;
				COPY_PHASE_STRIP = NO;
				DEAD_CODE_STRIPPING = YES;
				DEBUG_INFORMATION_FORMAT = "dwarf-with-dsym";
				ENABLE_NS_ASSERTIONS = NO;
				ENABLE_STRICT_OBJC_MSGSEND = YES;
				ENABLE_USER_SCRIPT_SANDBOXING = YES;
				GCC_C_LANGUAGE_STANDARD = gnu17;
				GCC_NO_COMMON_BLOCKS = YES;
				GCC_WARN_64_TO_32_BIT_CONVERSION = YES;
				GCC_WARN_ABOUT_RETURN_TYPE = YES_ERROR;
				GCC_WARN_UNDECLARED_SELECTOR = YES;
				GCC_WARN_UNINITIALIZED_AUTOS = YES_AGGRESSIVE;
				GCC_WARN_UNUSED_FUNCTION = YES;
				GCC_WARN_UNUSED_VARIABLE = YES;
				MACOSX_DEPLOYMENT_TARGET = 13.0;
				MTL_ENABLE_DEBUG_INFO = NO;
				MTL_FAST_MATH = YES;
				SDKROOT = macosx;
				STRING_CATALOG_GENERATE_SYMBOLS = YES;
				SWIFT_COMPILATION_MODE = wholemodule;
			};
			name = Release;
		};
		408BE1C42C5B3D1E00F1A2B3 /* Debug */ = {
			isa = XCBuildConfiguration;
			buildSettings = {
				ASSETCATALOG_COMPILER_APPICON_NAME = AppIcon;
				CODE_SIGN_IDENTITY = "-";
				CODE_SIGN_STYLE = Automatic;
				COMBINE_HIDPI_IMAGES = YES;
				CURRENT_PROJECT_VERSION = 1;
				DEAD_CODE_STRIPPING = YES;
				GENERATE_INFOPLIST_FILE = NO;
				INFOPLIST_FILE = WindowRestore/Info.plist;
				LD_RUNPATH_SEARCH_PATHS = (
					"$(inherited)",
					"@executable_path/../Frameworks",
				);
				MARKETING_VERSION = 1.0.0;
				PRODUCT_BUNDLE_IDENTIFIER = "local.window-restore";
				PRODUCT_NAME = "$(TARGET_NAME)";
				SWIFT_EMIT_LOC_STRINGS = YES;
				SWIFT_VERSION = 5.0;
			};
			name = Debug;
		};
		408BE1C52C5B3D1E00F1A2B3 /* Release */ = {
			isa = XCBuildConfiguration;
			buildSettings = {
				ASSETCATALOG_COMPILER_APPICON_NAME = AppIcon;
				CODE_SIGN_IDENTITY = "-";
				CODE_SIGN_STYLE = Automatic;
				COMBINE_HIDPI_IMAGES = YES;
				CURRENT_PROJECT_VERSION = 1;
				DEAD_CODE_STRIPPING = YES;
				GENERATE_INFOPLIST_FILE = NO;
				INFOPLIST_FILE = WindowRestore/Info.plist;
				LD_RUNPATH_SEARCH_PATHS = (
					"$(inherited)",
					"@executable_path/../Frameworks",
				);
				MARKETING_VERSION = 1.0.0;
				PRODUCT_BUNDLE_IDENTIFIER = "local.window-restore";
				PRODUCT_NAME = "$(TARGET_NAME)";
				SWIFT_EMIT_LOC_STRINGS = YES;
				SWIFT_VERSION = 5.0;
			};
			name = Release;
		};
/* End XCBuildConfiguration section */

/* Begin XCConfigurationList section */
		408BE1C02C5B3D1E00F1A2B3 /* Build configuration list for PBXProject "WindowRestore" */ = {
			isa = XCConfigurationList;
			buildConfigurations = (
				408BE1C12C5B3D1E00F1A2B3 /* Debug */,
				408BE1C22C5B3D1E00F1A2B3 /* Release */,
			);
			defaultConfigurationIsVisible = 0;
			defaultConfigurationName = Release;
		};
		408BE1C32C5B3D1E00F1A2B3 /* Build configuration list for PBXNativeTarget "WindowRestore" */ = {
			isa = XCConfigurationList;
			buildConfigurations = (
				408BE1C42C5B3D1E00F1A2B3 /* Debug */,
				408BE1C52C5B3D1E00F1A2B3 /* Release */,
			);
			defaultConfigurationIsVisible = 0;
			defaultConfigurationName = Release;
		};
/* End XCConfigurationList section */
	};
	rootObject = 408BE1A02C5B3D1E00F1A2B3 /* Project object */;
}
